
Microsoft Visual Studio Solution File, Format Version 12.00
# Visual Studio Version 17
VisualStudioVersion = 17.2.32505.173
MinimumVisualStudioVersion = 10.0.40219.1
Project("{2150E333-8FDC-42A3-9474-1A3956D46DE8}") = "API", "API", "{38973C30-3201-4841-9F00-6EE9DBD835C8}"
EndProject
Project("{2150E333-8FDC-42A3-9474-1A3956D46DE8}") = "Domain", "Domain", "{E3C5D0C3-3767-4DA0-82C8-D90E1B8B80BD}"
EndProject
Project("{2150E333-8FDC-42A3-9474-1A3956D46DE8}") = "Infraestructure", "Infraestructure", "{A221104E-1692-4DE6-9A84-5F84B35DCBAD}"
EndProject
Project("{9A19103F-16F7-4668-BE54-9A1E7A4F7556}") = "ProjectCanvia.API", "ProjectCanvia.API\ProjectCanvia.API.csproj", "{8C712EDA-AAC0-4163-B963-E6D5D810615C}"
EndProject
Project("{2150E333-8FDC-42A3-9474-1A3956D46DE8}") = "Logic", "Logic", "{D7BF5F9C-6A0B-4486-930A-B845410F700D}"
EndProject
Project("{2150E333-8FDC-42A3-9474-1A3956D46DE8}") = "Model", "Model", "{147BE32C-E966-4E5E-B1C9-DC75E19699D3}"
EndProject
Project("{2150E333-8FDC-42A3-9474-1A3956D46DE8}") = "Data", "Data", "{2B8D529C-3006-41C0-8114-5DD78AF69AD4}"
EndProject
Project("{FAE04EC0-301F-11D3-BF4B-00C04F79EFBC}") = "ProjectCanvia.API.Logic", "ProjectCanvia.API.Logic\ProjectCanvia.API.Logic.csproj", "{A3117355-C509-4E4C-84C6-72F0BA019A01}"
EndProject
Project("{FAE04EC0-301F-11D3-BF4B-00C04F79EFBC}") = "ProjectCanvia.API.DTO", "ProjectCanvia.API.DTO\ProjectCanvia.API.DTO.csproj", "{06F5B541-D690-42B9-853E-B80ECE7D2BD1}"
EndProject
Project("{FAE04EC0-301F-11D3-BF4B-00C04F79EFBC}") = "ProjectCanvia.API.Entity", "ProjectCanvia.API.Entity\ProjectCanvia.API.Entity.csproj", "{3775AF48-DD28-460E-9C3C-EAA1D094BBDE}"
EndProject
Project("{FAE04EC0-301F-11D3-BF4B-00C04F79EFBC}") = "ProjectCanvia.API.Data", "ProjectCanvia.API.Data\ProjectCanvia.API.Data.csproj", "{DB04D87D-C4A3-45CB-9C99-ECA870387EF5}"
EndProject
Global
	GlobalSection(SolutionConfigurationPlatforms) = preSolution
		Debug|Any CPU = Debug|Any CPU
		Release|Any CPU = Release|Any CPU
	EndGlobalSection
	GlobalSection(ProjectConfigurationPlatforms) = postSolution
		{8C712EDA-AAC0-4163-B963-E6D5D810615C}.Debug|Any CPU.ActiveCfg = Debug|Any CPU
		{8C712EDA-AAC0-4163-B963-E6D5D810615C}.Debug|Any CPU.Build.0 = Debug|Any CPU
		{8C712EDA-AAC0-4163-B963-E6D5D810615C}.Release|Any CPU.ActiveCfg = Release|Any CPU
		{8C712EDA-AAC0-4163-B963-E6D5D810615C}.Release|Any CPU.Build.0 = Release|Any CPU
		{A3117355-C509-4E4C-84C6-72F0BA019A01}.Debug|Any CPU.ActiveCfg = Debug|Any CPU
		{A3117355-C509-4E4C-84C6-72F0BA019A01}.Debug|Any CPU.Build.0 = Debug|Any CPU
		{A3117355-C509-4E4C-84C6-72F0BA019A01}.Release|Any CPU.ActiveCfg = Release|Any CPU
		{A3117355-C509-4E4C-84C6-72F0BA019A01}.Release|Any CPU.Build.0 = Release|Any CPU
		{06F5B541-D690-42B9-853E-B80ECE7D2BD1}.Debug|Any CPU.ActiveCfg = Debug|Any CPU
		{06F5B541-D690-42B9-853E-B80ECE7D2BD1}.Debug|Any CPU.Build.0 = Debug|Any CPU
		{06F5B541-D690-42B9-853E-B80ECE7D2BD1}.Release|Any CPU.ActiveCfg = Release|Any CPU
		{06F5B541-D690-42B9-853E-B80ECE7D2BD1}.Release|Any CPU.Build.0 = Release|Any CPU
		{3775AF48-DD28-460E-9C3C-EAA1D094BBDE}.Debug|Any CPU.ActiveCfg = Debug|Any CPU
		{3775AF48-DD28-460E-9C3C-EAA1D094BBDE}.Debug|Any CPU.Build.0 = Debug|Any CPU
		{3775AF48-DD28-460E-9C3C-EAA1D094BBDE}.Release|Any CPU.ActiveCfg = Release|Any CPU
		{3775AF48-DD28-460E-9C3C-EAA1D094BBDE}.Release|Any CPU.Build.0 = Release|Any CPU
		{DB04D87D-C4A3-45CB-9C99-ECA870387EF5}.Debug|Any CPU.ActiveCfg = Debug|Any CPU
		{DB04D87D-C4A3-45CB-9C99-ECA870387EF5}.Debug|Any CPU.Build.0 = Debug|Any CPU
		{DB04D87D-C4A3-45CB-9C99-ECA870387EF5}.Release|Any CPU.ActiveCfg = Release|Any CPU
		{DB04D87D-C4A3-45CB-9C99-ECA870387EF5}.Release|Any CPU.Build.0 = Release|Any CPU
	EndGlobalSection
	GlobalSection(SolutionProperties) = preSolution
		HideSolutionNode = FALSE
	EndGlobalSection
	GlobalSection(NestedProjects) = preSolution
		{8C712EDA-AAC0-4163-B963-E6D5D810615C} = {38973C30-3201-4841-9F00-6EE9DBD835C8}
		{D7BF5F9C-6A0B-4486-930A-B845410F700D} = {E3C5D0C3-3767-4DA0-82C8-D90E1B8B80BD}
		{147BE32C-E966-4E5E-B1C9-DC75E19699D3} = {E3C5D0C3-3767-4DA0-82C8-D90E1B8B80BD}
		{2B8D529C-3006-41C0-8114-5DD78AF69AD4} = {A221104E-1692-4DE6-9A84-5F84B35DCBAD}
		{A3117355-C509-4E4C-84C6-72F0BA019A01} = {D7BF5F9C-6A0B-4486-930A-B845410F700D}
		{06F5B541-D690-42B9-853E-B80ECE7D2BD1} = {147BE32C-E966-4E5E-B1C9-DC75E19699D3}
		{3775AF48-DD28-460E-9C3C-EAA1D094BBDE} = {147BE32C-E966-4E5E-B1C9-DC75E19699D3}
		{DB04D87D-C4A3-45CB-9C99-ECA870387EF5} = {2B8D529C-3006-41C0-8114-5DD78AF69AD4}
	EndGlobalSection
	GlobalSection(ExtensibilityGlobals) = postSolution
		SolutionGuid = {5DC6D62A-BDDF-4815-ADF2-7C4A5A8F366E}
	EndGlobalSection
EndGlobal
