
Microsoft Visual Studio Solution File, Format Version 12.00
# Visual Studio Version 17
VisualStudioVersion = 17.2.32505.173
MinimumVisualStudioVersion = 10.0.40219.1
Project("{2150E333-8FDC-42A3-9474-1A3956D46DE8}") = "API", "API", "{38973C30-3201-4841-9F00-6EE9DBD835C8}"
EndProject
Project("{2150E333-8FDC-42A3-9474-1A3956D46DE8}") = "Domain", "Domain", "{E3C5D0C3-3767-4DA0-82C8-D90E1B8B80BD}"
EndProject
Project("{2150E333-8FDC-42A3-9474-1A3956D46DE8}") = "Infraestructure", "Infraestructure", "{A221104E-1692-4DE6-9A84-5F84B35DCBAD}"
EndProject
Project("{FAE04EC0-301F-11D3-BF4B-00C04F79EFBC}") = "ProjectCanvia.API", "ProjectCanvia.API\ProjectCanvia.API.csproj", "{8C712EDA-AAC0-4163-B963-E6D5D810615C}"
EndProject
Global
	GlobalSection(SolutionConfigurationPlatforms) = preSolution
		Debug|Any CPU = Debug|Any CPU
		Release|Any CPU = Release|Any CPU
	EndGlobalSection
	GlobalSection(ProjectConfigurationPlatforms) = postSolution
		{8C712EDA-AAC0-4163-B963-E6D5D810615C}.Debug|Any CPU.ActiveCfg = Debug|Any CPU
		{8C712EDA-AAC0-4163-B963-E6D5D810615C}.Debug|Any CPU.Build.0 = Debug|Any CPU
		{8C712EDA-AAC0-4163-B963-E6D5D810615C}.Release|Any CPU.ActiveCfg = Release|Any CPU
		{8C712EDA-AAC0-4163-B963-E6D5D810615C}.Release|Any CPU.Build.0 = Release|Any CPU
	EndGlobalSection
	GlobalSection(SolutionProperties) = preSolution
		HideSolutionNode = FALSE
	EndGlobalSection
	GlobalSection(NestedProjects) = preSolution
		{8C712EDA-AAC0-4163-B963-E6D5D810615C} = {38973C30-3201-4841-9F00-6EE9DBD835C8}
	EndGlobalSection
	GlobalSection(ExtensibilityGlobals) = postSolution
		SolutionGuid = {5DC6D62A-BDDF-4815-ADF2-7C4A5A8F366E}
	EndGlobalSection
EndGlobal
